
Microsoft Visual Studio Solution File, Format Version 12.00
# Visual Studio Version 17
VisualStudioVersion = 17.5.33516.290
MinimumVisualStudioVersion = 10.0.40219.1
Project("{FAE04EC0-301F-11D3-BF4B-00C04F79EFBC}") = "WorkerServiceTest", "WorkerServiceTest\WorkerServiceTest.csproj", "{5B407936-9A95-46A3-891E-58F4ED021AF4}"
EndProject
Project("{FAE04EC0-301F-11D3-BF4B-00C04F79EFBC}") = "Contracts", "Contracts\Contracts.csproj", "{27815833-AE0B-4614-9368-0014AB21A197}"
EndProject
Project("{FAE04EC0-301F-11D3-BF4B-00C04F79EFBC}") = "ServiceClient", "ServiceClient\ServiceClient.csproj", "{F7A80FF4-4CD2-4F95-A8F3-04C46AA7259A}"
EndProject
Global
	GlobalSection(SolutionConfigurationPlatforms) = preSolution
		Debug|Any CPU = Debug|Any CPU
		Release|Any CPU = Release|Any CPU
	EndGlobalSection
	GlobalSection(ProjectConfigurationPlatforms) = postSolution
		{5B407936-9A95-46A3-891E-58F4ED021AF4}.Debug|Any CPU.ActiveCfg = Debug|Any CPU
		{5B407936-9A95-46A3-891E-58F4ED021AF4}.Debug|Any CPU.Build.0 = Debug|Any CPU
		{5B407936-9A95-46A3-891E-58F4ED021AF4}.Release|Any CPU.ActiveCfg = Release|Any CPU
		{5B407936-9A95-46A3-891E-58F4ED021AF4}.Release|Any CPU.Build.0 = Release|Any CPU
		{27815833-AE0B-4614-9368-0014AB21A197}.Debug|Any CPU.ActiveCfg = Debug|Any CPU
		{27815833-AE0B-4614-9368-0014AB21A197}.Debug|Any CPU.Build.0 = Debug|Any CPU
		{27815833-AE0B-4614-9368-0014AB21A197}.Release|Any CPU.ActiveCfg = Release|Any CPU
		{27815833-AE0B-4614-9368-0014AB21A197}.Release|Any CPU.Build.0 = Release|Any CPU
		{F7A80FF4-4CD2-4F95-A8F3-04C46AA7259A}.Debug|Any CPU.ActiveCfg = Debug|Any CPU
		{F7A80FF4-4CD2-4F95-A8F3-04C46AA7259A}.Debug|Any CPU.Build.0 = Debug|Any CPU
		{F7A80FF4-4CD2-4F95-A8F3-04C46AA7259A}.Release|Any CPU.ActiveCfg = Release|Any CPU
		{F7A80FF4-4CD2-4F95-A8F3-04C46AA7259A}.Release|Any CPU.Build.0 = Release|Any CPU
	EndGlobalSection
	GlobalSection(SolutionProperties) = preSolution
		HideSolutionNode = FALSE
	EndGlobalSection
	GlobalSection(ExtensibilityGlobals) = postSolution
		SolutionGuid = {01CCFA65-B273-41BA-B127-FD182977074B}
	EndGlobalSection
EndGlobal
